
Microsoft Visual Studio Solution File, Format Version 12.00
# Visual Studio Version 17
VisualStudioVersion = 17.14.36930.0 d17.14
MinimumVisualStudioVersion = 10.0.40219.1
Project("{FAE04EC0-301F-11D3-BF4B-00C04F79EFBC}") = "Pos.Web.Shared", "Pos.Web.Shared\Pos.Web.Shared.csproj", "{B7EA212A-AE46-446E-9E9E-39CFCC23B2FB}"
EndProject
Project("{FAE04EC0-301F-11D3-BF4B-00C04F79EFBC}") = "Pos.Web.Infrastructure", "Pos.Web.Infrastructure\Pos.Web.Infrastructure.csproj", "{25FC064A-8C36-4804-9048-A6842B32D940}"
EndProject
Project("{FAE04EC0-301F-11D3-BF4B-00C04F79EFBC}") = "Pos.Web.API", "Pos.Web.API\Pos.Web.API.csproj", "{4DE07190-226B-4BCF-8AFD-1E8FB1B6B39A}"
EndProject
Project("{FAE04EC0-301F-11D3-BF4B-00C04F79EFBC}") = "Pos.Web.Client", "Pos.Web.Client\Pos.Web.Client.csproj", "{1D2CA74C-DAE6-4B70-B92F-3C5797FDB86D}"
EndProject
Project("{FAE04EC0-301F-11D3-BF4B-00C04F79EFBC}") = "Pos.Web.Tests", "Pos.Web.Tests\Pos.Web.Tests.csproj", "{CB2A07B5-0BD4-499D-809A-8CC117BEA256}"
EndProject
Project("{2150E333-8FDC-42A3-9474-1A3956D46DE8}") = "Legacy", "Legacy", "{02EA681E-C7D8-13C7-8484-4AC65E1B71E8}"
EndProject
Project("{FAE04EC0-301F-11D3-BF4B-00C04F79EFBC}") = "POS", "..\..\POS\POS\POS.csproj", "{51144506-02FB-4FA1-AC02-4DEE72D9FCC4}"
EndProject
Project("{FAE04EC0-301F-11D3-BF4B-00C04F79EFBC}") = "POSAdmin", "..\..\POS\POSAdmin\POSAdmin.csproj", "{3823E5BC-00F1-473B-89A4-17C11A564C90}"
EndProject
Project("{FAE04EC0-301F-11D3-BF4B-00C04F79EFBC}") = "PosDbForAll", "..\..\POS\PosDbForAll\PosDbForAll.csproj", "{29FDAC58-0210-4A89-8F29-C1F9DB286D8D}"
EndProject
Project("{FAE04EC0-301F-11D3-BF4B-00C04F79EFBC}") = "OrdersMonitor", "..\..\POS\OrdersMonitor\OrdersMonitor.csproj", "{A01AE606-1186-4246-979F-40AFF2CE6D12}"
EndProject
Global
	GlobalSection(SolutionConfigurationPlatforms) = preSolution
		Debug|Any CPU = Debug|Any CPU
		Release|Any CPU = Release|Any CPU
	EndGlobalSection
	GlobalSection(ProjectConfigurationPlatforms) = postSolution
		{B7EA212A-AE46-446E-9E9E-39CFCC23B2FB}.Debug|Any CPU.ActiveCfg = Debug|Any CPU
		{B7EA212A-AE46-446E-9E9E-39CFCC23B2FB}.Debug|Any CPU.Build.0 = Debug|Any CPU
		{B7EA212A-AE46-446E-9E9E-39CFCC23B2FB}.Release|Any CPU.ActiveCfg = Release|Any CPU
		{B7EA212A-AE46-446E-9E9E-39CFCC23B2FB}.Release|Any CPU.Build.0 = Release|Any CPU
		{25FC064A-8C36-4804-9048-A6842B32D940}.Debug|Any CPU.ActiveCfg = Debug|Any CPU
		{25FC064A-8C36-4804-9048-A6842B32D940}.Debug|Any CPU.Build.0 = Debug|Any CPU
		{25FC064A-8C36-4804-9048-A6842B32D940}.Release|Any CPU.ActiveCfg = Release|Any CPU
		{25FC064A-8C36-4804-9048-A6842B32D940}.Release|Any CPU.Build.0 = Release|Any CPU
		{4DE07190-226B-4BCF-8AFD-1E8FB1B6B39A}.Debug|Any CPU.ActiveCfg = Debug|Any CPU
		{4DE07190-226B-4BCF-8AFD-1E8FB1B6B39A}.Debug|Any CPU.Build.0 = Debug|Any CPU
		{4DE07190-226B-4BCF-8AFD-1E8FB1B6B39A}.Release|Any CPU.ActiveCfg = Release|Any CPU
		{4DE07190-226B-4BCF-8AFD-1E8FB1B6B39A}.Release|Any CPU.Build.0 = Release|Any CPU
		{1D2CA74C-DAE6-4B70-B92F-3C5797FDB86D}.Debug|Any CPU.ActiveCfg = Debug|Any CPU
		{1D2CA74C-DAE6-4B70-B92F-3C5797FDB86D}.Debug|Any CPU.Build.0 = Debug|Any CPU
		{1D2CA74C-DAE6-4B70-B92F-3C5797FDB86D}.Release|Any CPU.ActiveCfg = Release|Any CPU
		{1D2CA74C-DAE6-4B70-B92F-3C5797FDB86D}.Release|Any CPU.Build.0 = Release|Any CPU
		{CB2A07B5-0BD4-499D-809A-8CC117BEA256}.Debug|Any CPU.ActiveCfg = Debug|Any CPU
		{CB2A07B5-0BD4-499D-809A-8CC117BEA256}.Debug|Any CPU.Build.0 = Debug|Any CPU
		{CB2A07B5-0BD4-499D-809A-8CC117BEA256}.Release|Any CPU.ActiveCfg = Release|Any CPU
		{CB2A07B5-0BD4-499D-809A-8CC117BEA256}.Release|Any CPU.Build.0 = Release|Any CPU
		{51144506-02FB-4FA1-AC02-4DEE72D9FCC4}.Debug|Any CPU.ActiveCfg = Debug|Any CPU
		{51144506-02FB-4FA1-AC02-4DEE72D9FCC4}.Debug|Any CPU.Build.0 = Debug|Any CPU
		{51144506-02FB-4FA1-AC02-4DEE72D9FCC4}.Release|Any CPU.ActiveCfg = Release|Any CPU
		{51144506-02FB-4FA1-AC02-4DEE72D9FCC4}.Release|Any CPU.Build.0 = Release|Any CPU
		{3823E5BC-00F1-473B-89A4-17C11A564C90}.Debug|Any CPU.ActiveCfg = Debug|Any CPU
		{3823E5BC-00F1-473B-89A4-17C11A564C90}.Debug|Any CPU.Build.0 = Debug|Any CPU
		{3823E5BC-00F1-473B-89A4-17C11A564C90}.Release|Any CPU.ActiveCfg = Release|Any CPU
		{3823E5BC-00F1-473B-89A4-17C11A564C90}.Release|Any CPU.Build.0 = Release|Any CPU
		{29FDAC58-0210-4A89-8F29-C1F9DB286D8D}.Debug|Any CPU.ActiveCfg = Debug|Any CPU
		{29FDAC58-0210-4A89-8F29-C1F9DB286D8D}.Debug|Any CPU.Build.0 = Debug|Any CPU
		{29FDAC58-0210-4A89-8F29-C1F9DB286D8D}.Release|Any CPU.ActiveCfg = Release|Any CPU
		{29FDAC58-0210-4A89-8F29-C1F9DB286D8D}.Release|Any CPU.Build.0 = Release|Any CPU
		{A01AE606-1186-4246-979F-40AFF2CE6D12}.Debug|Any CPU.ActiveCfg = Debug|Any CPU
		{A01AE606-1186-4246-979F-40AFF2CE6D12}.Debug|Any CPU.Build.0 = Debug|Any CPU
		{A01AE606-1186-4246-979F-40AFF2CE6D12}.Release|Any CPU.ActiveCfg = Release|Any CPU
		{A01AE606-1186-4246-979F-40AFF2CE6D12}.Release|Any CPU.Build.0 = Release|Any CPU
	EndGlobalSection
	GlobalSection(SolutionProperties) = preSolution
		HideSolutionNode = FALSE
	EndGlobalSection
	GlobalSection(NestedProjects) = preSolution
		{51144506-02FB-4FA1-AC02-4DEE72D9FCC4} = {02EA681E-C7D8-13C7-8484-4AC65E1B71E8}
		{3823E5BC-00F1-473B-89A4-17C11A564C90} = {02EA681E-C7D8-13C7-8484-4AC65E1B71E8}
		{29FDAC58-0210-4A89-8F29-C1F9DB286D8D} = {02EA681E-C7D8-13C7-8484-4AC65E1B71E8}
		{A01AE606-1186-4246-979F-40AFF2CE6D12} = {02EA681E-C7D8-13C7-8484-4AC65E1B71E8}
	EndGlobalSection
	GlobalSection(ExtensibilityGlobals) = postSolution
		SolutionGuid = {3C1C08D3-F325-4C2A-916F-C4FEABF4BD16}
	EndGlobalSection
EndGlobal
